
Microsoft Visual Studio Solution File, Format Version 12.00
# Visual Studio Version 16
VisualStudioVersion = 16.0.32002.261
MinimumVisualStudioVersion = 10.0.40219.1
Project("{9A19103F-16F7-4668-BE54-9A1E7A4F7556}") = "Vehicules", "Vehicules.csproj", "{AB94465B-195E-4DFA-B29C-8874331BB1E2}"
EndProject
Project("{9A19103F-16F7-4668-BE54-9A1E7A4F7556}") = "Geometrie", "..\Points\Geometrie.csproj", "{A7FFB243-2426-4CA5-A7E5-DC61BBC07F95}"
EndProject
Project("{9A19103F-16F7-4668-BE54-9A1E7A4F7556}") = "Temperatures", "..\Temperatures\Temperatures.csproj", "{7C28638D-1857-4D46-897E-E98AE3327D31}"
EndProject
Project("{9A19103F-16F7-4668-BE54-9A1E7A4F7556}") = "Exercice1StyloTrousse", "..\Exercice1StyloTrousse\Exercice1StyloTrousse.csproj", "{8A2ACB23-0353-42C5-B977-0AD6FBBE4851}"
EndProject
Project("{9A19103F-16F7-4668-BE54-9A1E7A4F7556}") = "Exercice3PoupeeRusse", "..\Exercice3PouPeeRusse\Exercice3PoupeeRusse.csproj", "{39D6A1C9-E1E4-42CF-A969-FBCB951D309F}"
EndProject
Project("{9A19103F-16F7-4668-BE54-9A1E7A4F7556}") = "Exercice4Montres", "..\Exercice4Montres\Exercice4Montres.csproj", "{F19FF96B-92EB-4350-A0DD-EDEC67426874}"
EndProject
Project("{9A19103F-16F7-4668-BE54-9A1E7A4F7556}") = "SujetExamen", "..\SujetExamen\SujetExamen.csproj", "{C41C82B1-9D63-41AE-96D4-E0DA883ABE24}"
EndProject
Project("{FAE04EC0-301F-11D3-BF4B-00C04F79EFBC}") = "ONF", "..\ONF\ONF.csproj", "{443E0CD8-A879-4B45-8D86-7CF8ACDD4DD3}"
EndProject
Project("{FAE04EC0-301F-11D3-BF4B-00C04F79EFBC}") = "CdaExceptions", "..\CdaExceptions\CdaExceptions.csproj", "{7138B2D8-DD27-4345-8354-A81222E6F5D9}"
EndProject
Global
	GlobalSection(SolutionConfigurationPlatforms) = preSolution
		Debug|Any CPU = Debug|Any CPU
		Release|Any CPU = Release|Any CPU
	EndGlobalSection
	GlobalSection(ProjectConfigurationPlatforms) = postSolution
		{AB94465B-195E-4DFA-B29C-8874331BB1E2}.Debug|Any CPU.ActiveCfg = Debug|Any CPU
		{AB94465B-195E-4DFA-B29C-8874331BB1E2}.Debug|Any CPU.Build.0 = Debug|Any CPU
		{AB94465B-195E-4DFA-B29C-8874331BB1E2}.Release|Any CPU.ActiveCfg = Release|Any CPU
		{AB94465B-195E-4DFA-B29C-8874331BB1E2}.Release|Any CPU.Build.0 = Release|Any CPU
		{A7FFB243-2426-4CA5-A7E5-DC61BBC07F95}.Debug|Any CPU.ActiveCfg = Debug|Any CPU
		{A7FFB243-2426-4CA5-A7E5-DC61BBC07F95}.Debug|Any CPU.Build.0 = Debug|Any CPU
		{A7FFB243-2426-4CA5-A7E5-DC61BBC07F95}.Release|Any CPU.ActiveCfg = Release|Any CPU
		{A7FFB243-2426-4CA5-A7E5-DC61BBC07F95}.Release|Any CPU.Build.0 = Release|Any CPU
		{7C28638D-1857-4D46-897E-E98AE3327D31}.Debug|Any CPU.ActiveCfg = Debug|Any CPU
		{7C28638D-1857-4D46-897E-E98AE3327D31}.Debug|Any CPU.Build.0 = Debug|Any CPU
		{7C28638D-1857-4D46-897E-E98AE3327D31}.Release|Any CPU.ActiveCfg = Release|Any CPU
		{7C28638D-1857-4D46-897E-E98AE3327D31}.Release|Any CPU.Build.0 = Release|Any CPU
		{8A2ACB23-0353-42C5-B977-0AD6FBBE4851}.Debug|Any CPU.ActiveCfg = Debug|Any CPU
		{8A2ACB23-0353-42C5-B977-0AD6FBBE4851}.Debug|Any CPU.Build.0 = Debug|Any CPU
		{8A2ACB23-0353-42C5-B977-0AD6FBBE4851}.Release|Any CPU.ActiveCfg = Release|Any CPU
		{8A2ACB23-0353-42C5-B977-0AD6FBBE4851}.Release|Any CPU.Build.0 = Release|Any CPU
		{39D6A1C9-E1E4-42CF-A969-FBCB951D309F}.Debug|Any CPU.ActiveCfg = Debug|Any CPU
		{39D6A1C9-E1E4-42CF-A969-FBCB951D309F}.Debug|Any CPU.Build.0 = Debug|Any CPU
		{39D6A1C9-E1E4-42CF-A969-FBCB951D309F}.Release|Any CPU.ActiveCfg = Release|Any CPU
		{39D6A1C9-E1E4-42CF-A969-FBCB951D309F}.Release|Any CPU.Build.0 = Release|Any CPU
		{F19FF96B-92EB-4350-A0DD-EDEC67426874}.Debug|Any CPU.ActiveCfg = Debug|Any CPU
		{F19FF96B-92EB-4350-A0DD-EDEC67426874}.Debug|Any CPU.Build.0 = Debug|Any CPU
		{F19FF96B-92EB-4350-A0DD-EDEC67426874}.Release|Any CPU.ActiveCfg = Release|Any CPU
		{F19FF96B-92EB-4350-A0DD-EDEC67426874}.Release|Any CPU.Build.0 = Release|Any CPU
		{C41C82B1-9D63-41AE-96D4-E0DA883ABE24}.Debug|Any CPU.ActiveCfg = Debug|Any CPU
		{C41C82B1-9D63-41AE-96D4-E0DA883ABE24}.Debug|Any CPU.Build.0 = Debug|Any CPU
		{C41C82B1-9D63-41AE-96D4-E0DA883ABE24}.Release|Any CPU.ActiveCfg = Release|Any CPU
		{C41C82B1-9D63-41AE-96D4-E0DA883ABE24}.Release|Any CPU.Build.0 = Release|Any CPU
		{443E0CD8-A879-4B45-8D86-7CF8ACDD4DD3}.Debug|Any CPU.ActiveCfg = Debug|Any CPU
		{443E0CD8-A879-4B45-8D86-7CF8ACDD4DD3}.Debug|Any CPU.Build.0 = Debug|Any CPU
		{443E0CD8-A879-4B45-8D86-7CF8ACDD4DD3}.Release|Any CPU.ActiveCfg = Release|Any CPU
		{443E0CD8-A879-4B45-8D86-7CF8ACDD4DD3}.Release|Any CPU.Build.0 = Release|Any CPU
		{7138B2D8-DD27-4345-8354-A81222E6F5D9}.Debug|Any CPU.ActiveCfg = Debug|Any CPU
		{7138B2D8-DD27-4345-8354-A81222E6F5D9}.Debug|Any CPU.Build.0 = Debug|Any CPU
		{7138B2D8-DD27-4345-8354-A81222E6F5D9}.Release|Any CPU.ActiveCfg = Release|Any CPU
		{7138B2D8-DD27-4345-8354-A81222E6F5D9}.Release|Any CPU.Build.0 = Release|Any CPU
	EndGlobalSection
	GlobalSection(SolutionProperties) = preSolution
		HideSolutionNode = FALSE
	EndGlobalSection
	GlobalSection(ExtensibilityGlobals) = postSolution
		SolutionGuid = {DA36B57D-1587-42EB-B175-2D0279C8EC93}
	EndGlobalSection
EndGlobal
